
Microsoft Visual Studio Solution File, Format Version 12.00
# Visual Studio Version 17
VisualStudioVersion = 17.6.33829.357
MinimumVisualStudioVersion = 10.0.40219.1
Project("{FAE04EC0-301F-11D3-BF4B-00C04F79EFBC}") = "R20_Labo", "R20_Labo.csproj", "{76D8D56E-A756-4F54-A5E6-8EC3E3D0DFDC}"
EndProject
Global
	GlobalSection(SolutionConfigurationPlatforms) = preSolution
		Debug|Any CPU = Debug|Any CPU
		Release|Any CPU = Release|Any CPU
	EndGlobalSection
	GlobalSection(ProjectConfigurationPlatforms) = postSolution
		{76D8D56E-A756-4F54-A5E6-8EC3E3D0DFDC}.Debug|Any CPU.ActiveCfg = Debug|Any CPU
		{76D8D56E-A756-4F54-A5E6-8EC3E3D0DFDC}.Debug|Any CPU.Build.0 = Debug|Any CPU
		{76D8D56E-A756-4F54-A5E6-8EC3E3D0DFDC}.Release|Any CPU.ActiveCfg = Release|Any CPU
		{76D8D56E-A756-4F54-A5E6-8EC3E3D0DFDC}.Release|Any CPU.Build.0 = Release|Any CPU
	EndGlobalSection
	GlobalSection(SolutionProperties) = preSolution
		HideSolutionNode = FALSE
	EndGlobalSection
	GlobalSection(ExtensibilityGlobals) = postSolution
		SolutionGuid = {2AEB2B1A-CCE2-4B3F-A118-29DA8F6E2873}
	EndGlobalSection
EndGlobal
